
Microsoft Visual Studio Solution File, Format Version 12.00
# Visual Studio Version 17
VisualStudioVersion = 17.0.31903.59
MinimumVisualStudioVersion = 10.0.40219.1
Project("{2150E333-8FDC-42A3-9474-1A3956D46DE8}") = "framework", "framework", "{CF51C53E-65AC-482A-9C58-B0EBC199E6E7}"
EndProject
Project("{2150E333-8FDC-42A3-9474-1A3956D46DE8}") = "common", "common", "{3F7C79D0-AA79-4A64-A378-2FC5D075ACB5}"
EndProject
Project("{9A19103F-16F7-4668-BE54-9A1E7A4F7556}") = "RuiChen.AbpPro.Data.DbMigrator", "framework\common\RuiChen.AbpPro.Data.DbMigrator\RuiChen.AbpPro.Data.DbMigrator.csproj", "{136347EB-47BE-4E32-8CB1-DC812477AA7B}"
EndProject
Project("{2150E333-8FDC-42A3-9474-1A3956D46DE8}") = "migrations", "migrations", "{2041C97D-808C-44B3-BD0A-D974CAAE5132}"
EndProject
Project("{9A19103F-16F7-4668-BE54-9A1E7A4F7556}") = "RuiChen.AbpPro.Admin.DbMigrator", "migrations\RuiChen.AbpPro.Admin.DbMigrator\RuiChen.AbpPro.Admin.DbMigrator.csproj", "{55780A9E-05A2-4A0E-A247-18FBA46D6D1C}"
EndProject
Project("{9A19103F-16F7-4668-BE54-9A1E7A4F7556}") = "RuiChen.AbpPro.Admin.EntityFrameworkCore", "migrations\RuiChen.AbpPro.Admin.EntityFrameworkCore\RuiChen.AbpPro.Admin.EntityFrameworkCore.csproj", "{75BDEC98-FA38-4CB3-9330-2559E18BF8B3}"
EndProject
Project("{2150E333-8FDC-42A3-9474-1A3956D46DE8}") = "modules", "modules", "{3FBD9712-D4D2-4FB8-A03B-B9E21EA7910A}"
EndProject
Project("{2150E333-8FDC-42A3-9474-1A3956D46DE8}") = "identity", "identity", "{C296606B-4756-4025-8566-A170D8148AE7}"
EndProject
Project("{9A19103F-16F7-4668-BE54-9A1E7A4F7556}") = "RuiChen.AbpPro.Identity.Application", "modules\identity\RuiChen.AbpPro.Identity.Application\RuiChen.AbpPro.Identity.Application.csproj", "{10A808BE-A719-4161-8035-22F06DF58B87}"
EndProject
Project("{2150E333-8FDC-42A3-9474-1A3956D46DE8}") = "services", "services", "{8BB9A885-96C1-4C9A-B7D1-5A0BDEA0EFCE}"
EndProject
Project("{9A19103F-16F7-4668-BE54-9A1E7A4F7556}") = "RuiChen.AbpPro.Admin.HttpApi.Host", "services\RuiChen.AbpPro.Admin.HttpApi.Host\RuiChen.AbpPro.Admin.HttpApi.Host.csproj", "{FA4081F4-A00A-4E9C-B6DB-4AD3F72EE88A}"
EndProject
Project("{9A19103F-16F7-4668-BE54-9A1E7A4F7556}") = "RuiChen.AbpPro.Identity.Application.Contracts", "modules\identity\RuiChen.AbpPro.Identity.Application.Contracts\RuiChen.AbpPro.Identity.Application.Contracts.csproj", "{F7E91036-973E-4903-95A6-69FDF17CE2EC}"
EndProject
Project("{9A19103F-16F7-4668-BE54-9A1E7A4F7556}") = "RuiChen.AbpPro.Identity.Domain", "modules\identity\RuiChen.AbpPro.Identity.Domain\RuiChen.AbpPro.Identity.Domain.csproj", "{BFFB6F13-9A01-43DC-B86E-AC7B489D056D}"
EndProject
Project("{9A19103F-16F7-4668-BE54-9A1E7A4F7556}") = "RuiChen.AbpPro.Identity.Domain.Shared", "modules\identity\RuiChen.AbpPro.Identity.Domain.Shared\RuiChen.AbpPro.Identity.Domain.Shared.csproj", "{CEE0BD5E-D20D-4F1A-A043-D6AF23C7701F}"
EndProject
Project("{9A19103F-16F7-4668-BE54-9A1E7A4F7556}") = "RuiChen.AbpPro.Identity.EntityFrameworkCore", "modules\identity\RuiChen.AbpPro.Identity.EntityFrameworkCore\RuiChen.AbpPro.Identity.EntityFrameworkCore.csproj", "{33AA2A59-E119-4022-ADEA-C1E984BB3D83}"
EndProject
Project("{9A19103F-16F7-4668-BE54-9A1E7A4F7556}") = "RuiChen.AbpPro.Identity.HttpApi", "modules\identity\RuiChen.AbpPro.Identity.HttpApi\RuiChen.AbpPro.Identity.HttpApi.csproj", "{265E6DAF-991D-4C2B-8DDE-BF09F9B21BD8}"
EndProject
Project("{2150E333-8FDC-42A3-9474-1A3956D46DE8}") = "tenants", "tenants", "{63989FDC-C9A3-47B5-A152-9112C6A57565}"
EndProject
Project("{9A19103F-16F7-4668-BE54-9A1E7A4F7556}") = "RuiChen.AbpPro.MultiTenancy.Editions", "framework\tenants\RuiChen.AbpPro.MultiTenancy.Editions\RuiChen.AbpPro.MultiTenancy.Editions.csproj", "{CB88F380-0DEF-432E-B7C6-C5271380DA19}"
EndProject
Project("{2150E333-8FDC-42A3-9474-1A3956D46DE8}") = "0.Solution Items", "0.Solution Items", "{0B1D8E01-A2F6-45AE-81E7-DB51F1C05953}"
	ProjectSection(SolutionItems) = preProject
		..\Directory.Build.Other.props = ..\Directory.Build.Other.props
		..\Directory.Build.targets = ..\Directory.Build.targets
		..\Directory.Build.Volo.props = ..\Directory.Build.Volo.props
		..\global.json = ..\global.json
		..\NuGet.Config = ..\NuGet.Config
	EndProjectSection
EndProject
Project("{2150E333-8FDC-42A3-9474-1A3956D46DE8}") = "openiddict", "openiddict", "{BB29032A-FA55-48A6-8083-EF0C38383A52}"
EndProject
Project("{9A19103F-16F7-4668-BE54-9A1E7A4F7556}") = "RuiChen.AbpPro.OpenIddict.Application", "modules\openiddict\RuiChen.AbpPro.OpenIddict.Application\RuiChen.AbpPro.OpenIddict.Application.csproj", "{E09F6421-5972-4331-AF40-2ECD3A71C1D0}"
EndProject
Project("{9A19103F-16F7-4668-BE54-9A1E7A4F7556}") = "RuiChen.AbpPro.OpenIddict.Application.Contracts", "modules\openiddict\RuiChen.AbpPro.OpenIddict.Application.Contracts\RuiChen.AbpPro.OpenIddict.Application.Contracts.csproj", "{C0F79CB7-1BFB-42DC-8AB3-B557F60E239A}"
EndProject
Project("{9A19103F-16F7-4668-BE54-9A1E7A4F7556}") = "RuiChen.AbpPro.OpenIddict.AspNetCore", "modules\openiddict\RuiChen.AbpPro.OpenIddict.AspNetCore\RuiChen.AbpPro.OpenIddict.AspNetCore.csproj", "{A4C98047-CD0C-41A0-B4DC-C2892FBEDB84}"
EndProject
Project("{9A19103F-16F7-4668-BE54-9A1E7A4F7556}") = "RuiChen.AbpPro.OpenIddict.HttpApi", "modules\openiddict\RuiChen.AbpPro.OpenIddict.HttpApi\RuiChen.AbpPro.OpenIddict.HttpApi.csproj", "{7E0589F8-3242-414C-B807-BA99FAB6F640}"
EndProject
Project("{9A19103F-16F7-4668-BE54-9A1E7A4F7556}") = "RuiChen.AbpPro.OpenIddict.LinkUser", "modules\openiddict\RuiChen.AbpPro.OpenIddict.LinkUser\RuiChen.AbpPro.OpenIddict.LinkUser.csproj", "{35265CDB-994A-45A9-B143-ED93D208CF70}"
EndProject
Project("{9A19103F-16F7-4668-BE54-9A1E7A4F7556}") = "RuiChen.AbpPro.OpenIddict.Portal", "modules\openiddict\RuiChen.AbpPro.OpenIddict.Portal\RuiChen.AbpPro.OpenIddict.Portal.csproj", "{887250CC-6C9F-4C6A-8302-CB8E903BE150}"
EndProject
Project("{9A19103F-16F7-4668-BE54-9A1E7A4F7556}") = "RuiChen.AbpPro.OpenIddict.Sms", "modules\openiddict\RuiChen.AbpPro.OpenIddict.Sms\RuiChen.AbpPro.OpenIddict.Sms.csproj", "{5D761369-0326-444B-B7DF-BACD512C6E1B}"
EndProject
Project("{2150E333-8FDC-42A3-9474-1A3956D46DE8}") = "authorization", "authorization", "{2033019A-9047-4FEC-80A4-3D32B1973CB6}"
EndProject
Project("{9A19103F-16F7-4668-BE54-9A1E7A4F7556}") = "RuiChen.AbpPro.Authorization.OrganizationUnits", "framework\authorization\RuiChen.AbpPro.Authorization.OrganizationUnits\RuiChen.AbpPro.Authorization.OrganizationUnits.csproj", "{1F5C3966-B32F-4504-8D90-66830C9CEB42}"
EndProject
Project("{9A19103F-16F7-4668-BE54-9A1E7A4F7556}") = "RuiChen.AbpPro.Identity.OrganizationUnits", "modules\identity\RuiChen.AbpPro.Identity.OrganizationUnits\RuiChen.AbpPro.Identity.OrganizationUnits.csproj", "{6824537B-7895-48B3-9A5E-12752B5A0A37}"
EndProject
Project("{2150E333-8FDC-42A3-9474-1A3956D46DE8}") = "account", "account", "{0CDFAA00-14CB-43FB-AF04-83C896B0D459}"
EndProject
Project("{9A19103F-16F7-4668-BE54-9A1E7A4F7556}") = "RuiChen.AbpPro.Account.Application", "modules\account\RuiChen.AbpPro.Account.Application\RuiChen.AbpPro.Account.Application.csproj", "{1DB966EB-94CB-44B5-8483-30BE5C8F91F1}"
EndProject
Project("{9A19103F-16F7-4668-BE54-9A1E7A4F7556}") = "RuiChen.AbpPro.Account.Application.Contracts", "modules\account\RuiChen.AbpPro.Account.Application.Contracts\RuiChen.AbpPro.Account.Application.Contracts.csproj", "{EE491539-8F7F-43EC-8872-B9C06EBC9CB2}"
EndProject
Project("{9A19103F-16F7-4668-BE54-9A1E7A4F7556}") = "RuiChen.AbpPro.Account.HttpApi", "modules\account\RuiChen.AbpPro.Account.HttpApi\RuiChen.AbpPro.Account.HttpApi.csproj", "{BF8DF66E-78A2-4EBB-B618-7A6CAA0CC16A}"
EndProject
Project("{9A19103F-16F7-4668-BE54-9A1E7A4F7556}") = "RuiChen.AbpPro.Account.Templates", "modules\account\RuiChen.AbpPro.Account.Templates\RuiChen.AbpPro.Account.Templates.csproj", "{B9C3D1CA-21BD-48C6-88D5-067A9C523CDD}"
EndProject
Project("{2150E333-8FDC-42A3-9474-1A3956D46DE8}") = "cloud-aliyun", "cloud-aliyun", "{0ADFD9DD-8B3A-4936-BC60-5A5B15D13B19}"
EndProject
Project("{9A19103F-16F7-4668-BE54-9A1E7A4F7556}") = "RuiChen.AbpPro.Aliyun", "framework\cloud-aliyun\RuiChen.AbpPro.Aliyun\RuiChen.AbpPro.Aliyun.csproj", "{52B4D761-CCC2-4F79-8CE4-D504C6BA9FDA}"
EndProject
Project("{9A19103F-16F7-4668-BE54-9A1E7A4F7556}") = "RuiChen.AbpPro.Aliyun.SettingManagement", "framework\cloud-aliyun\RuiChen.AbpPro.Aliyun.SettingManagement\RuiChen.AbpPro.Aliyun.SettingManagement.csproj", "{B424D773-6D40-46A0-9D8F-18D59D4C9D00}"
EndProject
Project("{9A19103F-16F7-4668-BE54-9A1E7A4F7556}") = "RuiChen.AbpPro.BlobStoring.Aliyun", "framework\cloud-aliyun\RuiChen.AbpPro.BlobStoring.Aliyun\RuiChen.AbpPro.BlobStoring.Aliyun.csproj", "{4B9572BB-49C1-4550-A520-362ADFF0D84A}"
EndProject
Project("{9A19103F-16F7-4668-BE54-9A1E7A4F7556}") = "RuiChen.AbpPro.Sms.Aliyun", "framework\cloud-aliyun\RuiChen.AbpPro.Sms.Aliyun\RuiChen.AbpPro.Sms.Aliyun.csproj", "{021EF48B-C8ED-439F-B539-45332B3B8AFB}"
EndProject
Project("{2150E333-8FDC-42A3-9474-1A3956D46DE8}") = "feature", "feature", "{59BC1367-98A5-46C3-858E-9EDEA351F025}"
EndProject
Project("{FAE04EC0-301F-11D3-BF4B-00C04F79EFBC}") = "RuiChen.AbpPro.FeatureManagement.Application", "modules\feature\RuiChen.AbpPro.FeatureManagement.Application\RuiChen.AbpPro.FeatureManagement.Application.csproj", "{FA324FC9-A453-42CD-926F-1F3F73EE74C0}"
EndProject
Project("{FAE04EC0-301F-11D3-BF4B-00C04F79EFBC}") = "RuiChen.AbpPro.FeatureManagement.Application.Contracts", "modules\feature\RuiChen.AbpPro.FeatureManagement.Application.Contracts\RuiChen.AbpPro.FeatureManagement.Application.Contracts.csproj", "{8268DFC7-B120-4D80-9FA9-9C62CB5227DC}"
EndProject
Project("{FAE04EC0-301F-11D3-BF4B-00C04F79EFBC}") = "RuiChen.AbpPro.FeatureManagement.HttpApi", "modules\feature\RuiChen.AbpPro.FeatureManagement.HttpApi\RuiChen.AbpPro.FeatureManagement.HttpApi.csproj", "{0640DFE9-6F1C-4A86-B831-F81DC310FF99}"
EndProject
Project("{2150E333-8FDC-42A3-9474-1A3956D46DE8}") = "permission", "permission", "{84CE6C16-CC79-471B-92E7-52CD190E3BB1}"
EndProject
Project("{FAE04EC0-301F-11D3-BF4B-00C04F79EFBC}") = "RuiChen.AbpPro.PermissionManagement.Application", "modules\permission\RuiChen.AbpPro.PermissionManagement.Application\RuiChen.AbpPro.PermissionManagement.Application.csproj", "{F12BE785-0CEB-439D-AF78-5DFF1C3A7848}"
EndProject
Project("{FAE04EC0-301F-11D3-BF4B-00C04F79EFBC}") = "RuiChen.AbpPro.PermissionManagement.Application.Contracts", "modules\permission\RuiChen.AbpPro.PermissionManagement.Application.Contracts\RuiChen.AbpPro.PermissionManagement.Application.Contracts.csproj", "{53E65203-1793-410E-879A-C514214CBFB3}"
EndProject
Project("{FAE04EC0-301F-11D3-BF4B-00C04F79EFBC}") = "RuiChen.AbpPro.PermissionManagement.Domain.OrganizationUnits", "modules\permission\RuiChen.AbpPro.PermissionManagement.Domain.OrganizationUnits\RuiChen.AbpPro.PermissionManagement.Domain.OrganizationUnits.csproj", "{E223749E-FD20-4602-B14E-87CB961C4227}"
EndProject
Project("{FAE04EC0-301F-11D3-BF4B-00C04F79EFBC}") = "RuiChen.AbpPro.PermissionManagement.HttpApi", "modules\permission\RuiChen.AbpPro.PermissionManagement.HttpApi\RuiChen.AbpPro.PermissionManagement.HttpApi.csproj", "{1240D91B-0EF4-45D6-B764-04FF49D23C66}"
EndProject
Project("{2150E333-8FDC-42A3-9474-1A3956D46DE8}") = "saas", "saas", "{13D8A9BA-B145-4E1A-BD9F-B973E03849E6}"
EndProject
Project("{FAE04EC0-301F-11D3-BF4B-00C04F79EFBC}") = "RuiChen.AbpPro.Saas.Application", "modules\saas\RuiChen.AbpPro.Saas.Application\RuiChen.AbpPro.Saas.Application.csproj", "{216259C8-43A0-4B64-8312-D4F211B8F6DF}"
EndProject
Project("{FAE04EC0-301F-11D3-BF4B-00C04F79EFBC}") = "RuiChen.AbpPro.Saas.Application.Contracts", "modules\saas\RuiChen.AbpPro.Saas.Application.Contracts\RuiChen.AbpPro.Saas.Application.Contracts.csproj", "{1B93B60F-0DDF-4753-997D-B29615D800F1}"
EndProject
Project("{FAE04EC0-301F-11D3-BF4B-00C04F79EFBC}") = "RuiChen.AbpPro.Saas.Domain", "modules\saas\RuiChen.AbpPro.Saas.Domain\RuiChen.AbpPro.Saas.Domain.csproj", "{B4C7FCA4-F32C-47E8-ABBC-E149F9543E91}"
EndProject
Project("{FAE04EC0-301F-11D3-BF4B-00C04F79EFBC}") = "RuiChen.AbpPro.Saas.Domain.Shared", "modules\saas\RuiChen.AbpPro.Saas.Domain.Shared\RuiChen.AbpPro.Saas.Domain.Shared.csproj", "{371B2047-863B-4FF6-B928-98E26284CD48}"
EndProject
Project("{FAE04EC0-301F-11D3-BF4B-00C04F79EFBC}") = "RuiChen.AbpPro.Saas.EntityFrameworkCore", "modules\saas\RuiChen.AbpPro.Saas.EntityFrameworkCore\RuiChen.AbpPro.Saas.EntityFrameworkCore.csproj", "{5BBEEA62-C077-41EA-9020-ECD0B92358D8}"
EndProject
Project("{FAE04EC0-301F-11D3-BF4B-00C04F79EFBC}") = "RuiChen.AbpPro.Saas.HttpApi", "modules\saas\RuiChen.AbpPro.Saas.HttpApi\RuiChen.AbpPro.Saas.HttpApi.csproj", "{8C05EF03-E295-462C-9BCF-5E2D2698A6F3}"
EndProject
Project("{2150E333-8FDC-42A3-9474-1A3956D46DE8}") = "settings", "settings", "{C5ACBFB5-F4A1-4FDD-9660-5FC344A7FAFE}"
EndProject
Project("{FAE04EC0-301F-11D3-BF4B-00C04F79EFBC}") = "RuiChen.AbpPro.SettingManagement.Application", "modules\settings\RuiChen.AbpPro.SettingManagement.Application\RuiChen.AbpPro.SettingManagement.Application.csproj", "{CACB070F-EEB5-4404-9968-D653AC4B9C32}"
EndProject
Project("{FAE04EC0-301F-11D3-BF4B-00C04F79EFBC}") = "RuiChen.AbpPro.SettingManagement.Application.Contracts", "modules\settings\RuiChen.AbpPro.SettingManagement.Application.Contracts\RuiChen.AbpPro.SettingManagement.Application.Contracts.csproj", "{7225C399-4DA3-456B-9271-04EF8617E16E}"
EndProject
Project("{FAE04EC0-301F-11D3-BF4B-00C04F79EFBC}") = "RuiChen.AbpPro.SettingManagement.HttpApi", "modules\settings\RuiChen.AbpPro.SettingManagement.HttpApi\RuiChen.AbpPro.SettingManagement.HttpApi.csproj", "{EA5CA601-DAFA-42AB-8F0B-C2275E6981D8}"
EndProject
Global
	GlobalSection(SolutionConfigurationPlatforms) = preSolution
		Debug|Any CPU = Debug|Any CPU
		Release|Any CPU = Release|Any CPU
	EndGlobalSection
	GlobalSection(ProjectConfigurationPlatforms) = postSolution
		{136347EB-47BE-4E32-8CB1-DC812477AA7B}.Debug|Any CPU.ActiveCfg = Debug|Any CPU
		{136347EB-47BE-4E32-8CB1-DC812477AA7B}.Debug|Any CPU.Build.0 = Debug|Any CPU
		{136347EB-47BE-4E32-8CB1-DC812477AA7B}.Release|Any CPU.ActiveCfg = Release|Any CPU
		{136347EB-47BE-4E32-8CB1-DC812477AA7B}.Release|Any CPU.Build.0 = Release|Any CPU
		{55780A9E-05A2-4A0E-A247-18FBA46D6D1C}.Debug|Any CPU.ActiveCfg = Debug|Any CPU
		{55780A9E-05A2-4A0E-A247-18FBA46D6D1C}.Debug|Any CPU.Build.0 = Debug|Any CPU
		{55780A9E-05A2-4A0E-A247-18FBA46D6D1C}.Release|Any CPU.ActiveCfg = Release|Any CPU
		{55780A9E-05A2-4A0E-A247-18FBA46D6D1C}.Release|Any CPU.Build.0 = Release|Any CPU
		{75BDEC98-FA38-4CB3-9330-2559E18BF8B3}.Debug|Any CPU.ActiveCfg = Debug|Any CPU
		{75BDEC98-FA38-4CB3-9330-2559E18BF8B3}.Debug|Any CPU.Build.0 = Debug|Any CPU
		{75BDEC98-FA38-4CB3-9330-2559E18BF8B3}.Release|Any CPU.ActiveCfg = Release|Any CPU
		{75BDEC98-FA38-4CB3-9330-2559E18BF8B3}.Release|Any CPU.Build.0 = Release|Any CPU
		{10A808BE-A719-4161-8035-22F06DF58B87}.Debug|Any CPU.ActiveCfg = Debug|Any CPU
		{10A808BE-A719-4161-8035-22F06DF58B87}.Debug|Any CPU.Build.0 = Debug|Any CPU
		{10A808BE-A719-4161-8035-22F06DF58B87}.Release|Any CPU.ActiveCfg = Release|Any CPU
		{10A808BE-A719-4161-8035-22F06DF58B87}.Release|Any CPU.Build.0 = Release|Any CPU
		{FA4081F4-A00A-4E9C-B6DB-4AD3F72EE88A}.Debug|Any CPU.ActiveCfg = Debug|Any CPU
		{FA4081F4-A00A-4E9C-B6DB-4AD3F72EE88A}.Debug|Any CPU.Build.0 = Debug|Any CPU
		{FA4081F4-A00A-4E9C-B6DB-4AD3F72EE88A}.Release|Any CPU.ActiveCfg = Release|Any CPU
		{FA4081F4-A00A-4E9C-B6DB-4AD3F72EE88A}.Release|Any CPU.Build.0 = Release|Any CPU
		{F7E91036-973E-4903-95A6-69FDF17CE2EC}.Debug|Any CPU.ActiveCfg = Debug|Any CPU
		{F7E91036-973E-4903-95A6-69FDF17CE2EC}.Debug|Any CPU.Build.0 = Debug|Any CPU
		{F7E91036-973E-4903-95A6-69FDF17CE2EC}.Release|Any CPU.ActiveCfg = Release|Any CPU
		{F7E91036-973E-4903-95A6-69FDF17CE2EC}.Release|Any CPU.Build.0 = Release|Any CPU
		{BFFB6F13-9A01-43DC-B86E-AC7B489D056D}.Debug|Any CPU.ActiveCfg = Debug|Any CPU
		{BFFB6F13-9A01-43DC-B86E-AC7B489D056D}.Debug|Any CPU.Build.0 = Debug|Any CPU
		{BFFB6F13-9A01-43DC-B86E-AC7B489D056D}.Release|Any CPU.ActiveCfg = Release|Any CPU
		{BFFB6F13-9A01-43DC-B86E-AC7B489D056D}.Release|Any CPU.Build.0 = Release|Any CPU
		{CEE0BD5E-D20D-4F1A-A043-D6AF23C7701F}.Debug|Any CPU.ActiveCfg = Debug|Any CPU
		{CEE0BD5E-D20D-4F1A-A043-D6AF23C7701F}.Debug|Any CPU.Build.0 = Debug|Any CPU
		{CEE0BD5E-D20D-4F1A-A043-D6AF23C7701F}.Release|Any CPU.ActiveCfg = Release|Any CPU
		{CEE0BD5E-D20D-4F1A-A043-D6AF23C7701F}.Release|Any CPU.Build.0 = Release|Any CPU
		{33AA2A59-E119-4022-ADEA-C1E984BB3D83}.Debug|Any CPU.ActiveCfg = Debug|Any CPU
		{33AA2A59-E119-4022-ADEA-C1E984BB3D83}.Debug|Any CPU.Build.0 = Debug|Any CPU
		{33AA2A59-E119-4022-ADEA-C1E984BB3D83}.Release|Any CPU.ActiveCfg = Release|Any CPU
		{33AA2A59-E119-4022-ADEA-C1E984BB3D83}.Release|Any CPU.Build.0 = Release|Any CPU
		{265E6DAF-991D-4C2B-8DDE-BF09F9B21BD8}.Debug|Any CPU.ActiveCfg = Debug|Any CPU
		{265E6DAF-991D-4C2B-8DDE-BF09F9B21BD8}.Debug|Any CPU.Build.0 = Debug|Any CPU
		{265E6DAF-991D-4C2B-8DDE-BF09F9B21BD8}.Release|Any CPU.ActiveCfg = Release|Any CPU
		{265E6DAF-991D-4C2B-8DDE-BF09F9B21BD8}.Release|Any CPU.Build.0 = Release|Any CPU
		{CB88F380-0DEF-432E-B7C6-C5271380DA19}.Debug|Any CPU.ActiveCfg = Debug|Any CPU
		{CB88F380-0DEF-432E-B7C6-C5271380DA19}.Debug|Any CPU.Build.0 = Debug|Any CPU
		{CB88F380-0DEF-432E-B7C6-C5271380DA19}.Release|Any CPU.ActiveCfg = Release|Any CPU
		{CB88F380-0DEF-432E-B7C6-C5271380DA19}.Release|Any CPU.Build.0 = Release|Any CPU
		{E09F6421-5972-4331-AF40-2ECD3A71C1D0}.Debug|Any CPU.ActiveCfg = Debug|Any CPU
		{E09F6421-5972-4331-AF40-2ECD3A71C1D0}.Debug|Any CPU.Build.0 = Debug|Any CPU
		{E09F6421-5972-4331-AF40-2ECD3A71C1D0}.Release|Any CPU.ActiveCfg = Release|Any CPU
		{E09F6421-5972-4331-AF40-2ECD3A71C1D0}.Release|Any CPU.Build.0 = Release|Any CPU
		{C0F79CB7-1BFB-42DC-8AB3-B557F60E239A}.Debug|Any CPU.ActiveCfg = Debug|Any CPU
		{C0F79CB7-1BFB-42DC-8AB3-B557F60E239A}.Debug|Any CPU.Build.0 = Debug|Any CPU
		{C0F79CB7-1BFB-42DC-8AB3-B557F60E239A}.Release|Any CPU.ActiveCfg = Release|Any CPU
		{C0F79CB7-1BFB-42DC-8AB3-B557F60E239A}.Release|Any CPU.Build.0 = Release|Any CPU
		{A4C98047-CD0C-41A0-B4DC-C2892FBEDB84}.Debug|Any CPU.ActiveCfg = Debug|Any CPU
		{A4C98047-CD0C-41A0-B4DC-C2892FBEDB84}.Debug|Any CPU.Build.0 = Debug|Any CPU
		{A4C98047-CD0C-41A0-B4DC-C2892FBEDB84}.Release|Any CPU.ActiveCfg = Release|Any CPU
		{A4C98047-CD0C-41A0-B4DC-C2892FBEDB84}.Release|Any CPU.Build.0 = Release|Any CPU
		{7E0589F8-3242-414C-B807-BA99FAB6F640}.Debug|Any CPU.ActiveCfg = Debug|Any CPU
		{7E0589F8-3242-414C-B807-BA99FAB6F640}.Debug|Any CPU.Build.0 = Debug|Any CPU
		{7E0589F8-3242-414C-B807-BA99FAB6F640}.Release|Any CPU.ActiveCfg = Release|Any CPU
		{7E0589F8-3242-414C-B807-BA99FAB6F640}.Release|Any CPU.Build.0 = Release|Any CPU
		{35265CDB-994A-45A9-B143-ED93D208CF70}.Debug|Any CPU.ActiveCfg = Debug|Any CPU
		{35265CDB-994A-45A9-B143-ED93D208CF70}.Debug|Any CPU.Build.0 = Debug|Any CPU
		{35265CDB-994A-45A9-B143-ED93D208CF70}.Release|Any CPU.ActiveCfg = Release|Any CPU
		{35265CDB-994A-45A9-B143-ED93D208CF70}.Release|Any CPU.Build.0 = Release|Any CPU
		{887250CC-6C9F-4C6A-8302-CB8E903BE150}.Debug|Any CPU.ActiveCfg = Debug|Any CPU
		{887250CC-6C9F-4C6A-8302-CB8E903BE150}.Debug|Any CPU.Build.0 = Debug|Any CPU
		{887250CC-6C9F-4C6A-8302-CB8E903BE150}.Release|Any CPU.ActiveCfg = Release|Any CPU
		{887250CC-6C9F-4C6A-8302-CB8E903BE150}.Release|Any CPU.Build.0 = Release|Any CPU
		{5D761369-0326-444B-B7DF-BACD512C6E1B}.Debug|Any CPU.ActiveCfg = Debug|Any CPU
		{5D761369-0326-444B-B7DF-BACD512C6E1B}.Debug|Any CPU.Build.0 = Debug|Any CPU
		{5D761369-0326-444B-B7DF-BACD512C6E1B}.Release|Any CPU.ActiveCfg = Release|Any CPU
		{5D761369-0326-444B-B7DF-BACD512C6E1B}.Release|Any CPU.Build.0 = Release|Any CPU
		{1F5C3966-B32F-4504-8D90-66830C9CEB42}.Debug|Any CPU.ActiveCfg = Debug|Any CPU
		{1F5C3966-B32F-4504-8D90-66830C9CEB42}.Debug|Any CPU.Build.0 = Debug|Any CPU
		{1F5C3966-B32F-4504-8D90-66830C9CEB42}.Release|Any CPU.ActiveCfg = Release|Any CPU
		{1F5C3966-B32F-4504-8D90-66830C9CEB42}.Release|Any CPU.Build.0 = Release|Any CPU
		{6824537B-7895-48B3-9A5E-12752B5A0A37}.Debug|Any CPU.ActiveCfg = Debug|Any CPU
		{6824537B-7895-48B3-9A5E-12752B5A0A37}.Debug|Any CPU.Build.0 = Debug|Any CPU
		{6824537B-7895-48B3-9A5E-12752B5A0A37}.Release|Any CPU.ActiveCfg = Release|Any CPU
		{6824537B-7895-48B3-9A5E-12752B5A0A37}.Release|Any CPU.Build.0 = Release|Any CPU
		{1DB966EB-94CB-44B5-8483-30BE5C8F91F1}.Debug|Any CPU.ActiveCfg = Debug|Any CPU
		{1DB966EB-94CB-44B5-8483-30BE5C8F91F1}.Debug|Any CPU.Build.0 = Debug|Any CPU
		{1DB966EB-94CB-44B5-8483-30BE5C8F91F1}.Release|Any CPU.ActiveCfg = Release|Any CPU
		{1DB966EB-94CB-44B5-8483-30BE5C8F91F1}.Release|Any CPU.Build.0 = Release|Any CPU
		{EE491539-8F7F-43EC-8872-B9C06EBC9CB2}.Debug|Any CPU.ActiveCfg = Debug|Any CPU
		{EE491539-8F7F-43EC-8872-B9C06EBC9CB2}.Debug|Any CPU.Build.0 = Debug|Any CPU
		{EE491539-8F7F-43EC-8872-B9C06EBC9CB2}.Release|Any CPU.ActiveCfg = Release|Any CPU
		{EE491539-8F7F-43EC-8872-B9C06EBC9CB2}.Release|Any CPU.Build.0 = Release|Any CPU
		{BF8DF66E-78A2-4EBB-B618-7A6CAA0CC16A}.Debug|Any CPU.ActiveCfg = Debug|Any CPU
		{BF8DF66E-78A2-4EBB-B618-7A6CAA0CC16A}.Debug|Any CPU.Build.0 = Debug|Any CPU
		{BF8DF66E-78A2-4EBB-B618-7A6CAA0CC16A}.Release|Any CPU.ActiveCfg = Release|Any CPU
		{BF8DF66E-78A2-4EBB-B618-7A6CAA0CC16A}.Release|Any CPU.Build.0 = Release|Any CPU
		{B9C3D1CA-21BD-48C6-88D5-067A9C523CDD}.Debug|Any CPU.ActiveCfg = Debug|Any CPU
		{B9C3D1CA-21BD-48C6-88D5-067A9C523CDD}.Debug|Any CPU.Build.0 = Debug|Any CPU
		{B9C3D1CA-21BD-48C6-88D5-067A9C523CDD}.Release|Any CPU.ActiveCfg = Release|Any CPU
		{B9C3D1CA-21BD-48C6-88D5-067A9C523CDD}.Release|Any CPU.Build.0 = Release|Any CPU
		{52B4D761-CCC2-4F79-8CE4-D504C6BA9FDA}.Debug|Any CPU.ActiveCfg = Debug|Any CPU
		{52B4D761-CCC2-4F79-8CE4-D504C6BA9FDA}.Debug|Any CPU.Build.0 = Debug|Any CPU
		{52B4D761-CCC2-4F79-8CE4-D504C6BA9FDA}.Release|Any CPU.ActiveCfg = Release|Any CPU
		{52B4D761-CCC2-4F79-8CE4-D504C6BA9FDA}.Release|Any CPU.Build.0 = Release|Any CPU
		{B424D773-6D40-46A0-9D8F-18D59D4C9D00}.Debug|Any CPU.ActiveCfg = Debug|Any CPU
		{B424D773-6D40-46A0-9D8F-18D59D4C9D00}.Debug|Any CPU.Build.0 = Debug|Any CPU
		{B424D773-6D40-46A0-9D8F-18D59D4C9D00}.Release|Any CPU.ActiveCfg = Release|Any CPU
		{B424D773-6D40-46A0-9D8F-18D59D4C9D00}.Release|Any CPU.Build.0 = Release|Any CPU
		{4B9572BB-49C1-4550-A520-362ADFF0D84A}.Debug|Any CPU.ActiveCfg = Debug|Any CPU
		{4B9572BB-49C1-4550-A520-362ADFF0D84A}.Debug|Any CPU.Build.0 = Debug|Any CPU
		{4B9572BB-49C1-4550-A520-362ADFF0D84A}.Release|Any CPU.ActiveCfg = Release|Any CPU
		{4B9572BB-49C1-4550-A520-362ADFF0D84A}.Release|Any CPU.Build.0 = Release|Any CPU
		{021EF48B-C8ED-439F-B539-45332B3B8AFB}.Debug|Any CPU.ActiveCfg = Debug|Any CPU
		{021EF48B-C8ED-439F-B539-45332B3B8AFB}.Debug|Any CPU.Build.0 = Debug|Any CPU
		{021EF48B-C8ED-439F-B539-45332B3B8AFB}.Release|Any CPU.ActiveCfg = Release|Any CPU
		{021EF48B-C8ED-439F-B539-45332B3B8AFB}.Release|Any CPU.Build.0 = Release|Any CPU
		{FA324FC9-A453-42CD-926F-1F3F73EE74C0}.Debug|Any CPU.ActiveCfg = Debug|Any CPU
		{FA324FC9-A453-42CD-926F-1F3F73EE74C0}.Debug|Any CPU.Build.0 = Debug|Any CPU
		{FA324FC9-A453-42CD-926F-1F3F73EE74C0}.Release|Any CPU.ActiveCfg = Release|Any CPU
		{FA324FC9-A453-42CD-926F-1F3F73EE74C0}.Release|Any CPU.Build.0 = Release|Any CPU
		{8268DFC7-B120-4D80-9FA9-9C62CB5227DC}.Debug|Any CPU.ActiveCfg = Debug|Any CPU
		{8268DFC7-B120-4D80-9FA9-9C62CB5227DC}.Debug|Any CPU.Build.0 = Debug|Any CPU
		{8268DFC7-B120-4D80-9FA9-9C62CB5227DC}.Release|Any CPU.ActiveCfg = Release|Any CPU
		{8268DFC7-B120-4D80-9FA9-9C62CB5227DC}.Release|Any CPU.Build.0 = Release|Any CPU
		{0640DFE9-6F1C-4A86-B831-F81DC310FF99}.Debug|Any CPU.ActiveCfg = Debug|Any CPU
		{0640DFE9-6F1C-4A86-B831-F81DC310FF99}.Debug|Any CPU.Build.0 = Debug|Any CPU
		{0640DFE9-6F1C-4A86-B831-F81DC310FF99}.Release|Any CPU.ActiveCfg = Release|Any CPU
		{0640DFE9-6F1C-4A86-B831-F81DC310FF99}.Release|Any CPU.Build.0 = Release|Any CPU
		{F12BE785-0CEB-439D-AF78-5DFF1C3A7848}.Debug|Any CPU.ActiveCfg = Debug|Any CPU
		{F12BE785-0CEB-439D-AF78-5DFF1C3A7848}.Debug|Any CPU.Build.0 = Debug|Any CPU
		{F12BE785-0CEB-439D-AF78-5DFF1C3A7848}.Release|Any CPU.ActiveCfg = Release|Any CPU
		{F12BE785-0CEB-439D-AF78-5DFF1C3A7848}.Release|Any CPU.Build.0 = Release|Any CPU
		{53E65203-1793-410E-879A-C514214CBFB3}.Debug|Any CPU.ActiveCfg = Debug|Any CPU
		{53E65203-1793-410E-879A-C514214CBFB3}.Debug|Any CPU.Build.0 = Debug|Any CPU
		{53E65203-1793-410E-879A-C514214CBFB3}.Release|Any CPU.ActiveCfg = Release|Any CPU
		{53E65203-1793-410E-879A-C514214CBFB3}.Release|Any CPU.Build.0 = Release|Any CPU
		{E223749E-FD20-4602-B14E-87CB961C4227}.Debug|Any CPU.ActiveCfg = Debug|Any CPU
		{E223749E-FD20-4602-B14E-87CB961C4227}.Debug|Any CPU.Build.0 = Debug|Any CPU
		{E223749E-FD20-4602-B14E-87CB961C4227}.Release|Any CPU.ActiveCfg = Release|Any CPU
		{E223749E-FD20-4602-B14E-87CB961C4227}.Release|Any CPU.Build.0 = Release|Any CPU
		{1240D91B-0EF4-45D6-B764-04FF49D23C66}.Debug|Any CPU.ActiveCfg = Debug|Any CPU
		{1240D91B-0EF4-45D6-B764-04FF49D23C66}.Debug|Any CPU.Build.0 = Debug|Any CPU
		{1240D91B-0EF4-45D6-B764-04FF49D23C66}.Release|Any CPU.ActiveCfg = Release|Any CPU
		{1240D91B-0EF4-45D6-B764-04FF49D23C66}.Release|Any CPU.Build.0 = Release|Any CPU
		{216259C8-43A0-4B64-8312-D4F211B8F6DF}.Debug|Any CPU.ActiveCfg = Debug|Any CPU
		{216259C8-43A0-4B64-8312-D4F211B8F6DF}.Debug|Any CPU.Build.0 = Debug|Any CPU
		{216259C8-43A0-4B64-8312-D4F211B8F6DF}.Release|Any CPU.ActiveCfg = Release|Any CPU
		{216259C8-43A0-4B64-8312-D4F211B8F6DF}.Release|Any CPU.Build.0 = Release|Any CPU
		{1B93B60F-0DDF-4753-997D-B29615D800F1}.Debug|Any CPU.ActiveCfg = Debug|Any CPU
		{1B93B60F-0DDF-4753-997D-B29615D800F1}.Debug|Any CPU.Build.0 = Debug|Any CPU
		{1B93B60F-0DDF-4753-997D-B29615D800F1}.Release|Any CPU.ActiveCfg = Release|Any CPU
		{1B93B60F-0DDF-4753-997D-B29615D800F1}.Release|Any CPU.Build.0 = Release|Any CPU
		{B4C7FCA4-F32C-47E8-ABBC-E149F9543E91}.Debug|Any CPU.ActiveCfg = Debug|Any CPU
		{B4C7FCA4-F32C-47E8-ABBC-E149F9543E91}.Debug|Any CPU.Build.0 = Debug|Any CPU
		{B4C7FCA4-F32C-47E8-ABBC-E149F9543E91}.Release|Any CPU.ActiveCfg = Release|Any CPU
		{B4C7FCA4-F32C-47E8-ABBC-E149F9543E91}.Release|Any CPU.Build.0 = Release|Any CPU
		{371B2047-863B-4FF6-B928-98E26284CD48}.Debug|Any CPU.ActiveCfg = Debug|Any CPU
		{371B2047-863B-4FF6-B928-98E26284CD48}.Debug|Any CPU.Build.0 = Debug|Any CPU
		{371B2047-863B-4FF6-B928-98E26284CD48}.Release|Any CPU.ActiveCfg = Release|Any CPU
		{371B2047-863B-4FF6-B928-98E26284CD48}.Release|Any CPU.Build.0 = Release|Any CPU
		{5BBEEA62-C077-41EA-9020-ECD0B92358D8}.Debug|Any CPU.ActiveCfg = Debug|Any CPU
		{5BBEEA62-C077-41EA-9020-ECD0B92358D8}.Debug|Any CPU.Build.0 = Debug|Any CPU
		{5BBEEA62-C077-41EA-9020-ECD0B92358D8}.Release|Any CPU.ActiveCfg = Release|Any CPU
		{5BBEEA62-C077-41EA-9020-ECD0B92358D8}.Release|Any CPU.Build.0 = Release|Any CPU
		{8C05EF03-E295-462C-9BCF-5E2D2698A6F3}.Debug|Any CPU.ActiveCfg = Debug|Any CPU
		{8C05EF03-E295-462C-9BCF-5E2D2698A6F3}.Debug|Any CPU.Build.0 = Debug|Any CPU
		{8C05EF03-E295-462C-9BCF-5E2D2698A6F3}.Release|Any CPU.ActiveCfg = Release|Any CPU
		{8C05EF03-E295-462C-9BCF-5E2D2698A6F3}.Release|Any CPU.Build.0 = Release|Any CPU
		{CACB070F-EEB5-4404-9968-D653AC4B9C32}.Debug|Any CPU.ActiveCfg = Debug|Any CPU
		{CACB070F-EEB5-4404-9968-D653AC4B9C32}.Debug|Any CPU.Build.0 = Debug|Any CPU
		{CACB070F-EEB5-4404-9968-D653AC4B9C32}.Release|Any CPU.ActiveCfg = Release|Any CPU
		{CACB070F-EEB5-4404-9968-D653AC4B9C32}.Release|Any CPU.Build.0 = Release|Any CPU
		{7225C399-4DA3-456B-9271-04EF8617E16E}.Debug|Any CPU.ActiveCfg = Debug|Any CPU
		{7225C399-4DA3-456B-9271-04EF8617E16E}.Debug|Any CPU.Build.0 = Debug|Any CPU
		{7225C399-4DA3-456B-9271-04EF8617E16E}.Release|Any CPU.ActiveCfg = Release|Any CPU
		{7225C399-4DA3-456B-9271-04EF8617E16E}.Release|Any CPU.Build.0 = Release|Any CPU
		{EA5CA601-DAFA-42AB-8F0B-C2275E6981D8}.Debug|Any CPU.ActiveCfg = Debug|Any CPU
		{EA5CA601-DAFA-42AB-8F0B-C2275E6981D8}.Debug|Any CPU.Build.0 = Debug|Any CPU
		{EA5CA601-DAFA-42AB-8F0B-C2275E6981D8}.Release|Any CPU.ActiveCfg = Release|Any CPU
		{EA5CA601-DAFA-42AB-8F0B-C2275E6981D8}.Release|Any CPU.Build.0 = Release|Any CPU
	EndGlobalSection
	GlobalSection(SolutionProperties) = preSolution
		HideSolutionNode = FALSE
	EndGlobalSection
	GlobalSection(NestedProjects) = preSolution
		{3F7C79D0-AA79-4A64-A378-2FC5D075ACB5} = {CF51C53E-65AC-482A-9C58-B0EBC199E6E7}
		{136347EB-47BE-4E32-8CB1-DC812477AA7B} = {3F7C79D0-AA79-4A64-A378-2FC5D075ACB5}
		{55780A9E-05A2-4A0E-A247-18FBA46D6D1C} = {2041C97D-808C-44B3-BD0A-D974CAAE5132}
		{75BDEC98-FA38-4CB3-9330-2559E18BF8B3} = {2041C97D-808C-44B3-BD0A-D974CAAE5132}
		{C296606B-4756-4025-8566-A170D8148AE7} = {3FBD9712-D4D2-4FB8-A03B-B9E21EA7910A}
		{10A808BE-A719-4161-8035-22F06DF58B87} = {C296606B-4756-4025-8566-A170D8148AE7}
		{FA4081F4-A00A-4E9C-B6DB-4AD3F72EE88A} = {8BB9A885-96C1-4C9A-B7D1-5A0BDEA0EFCE}
		{F7E91036-973E-4903-95A6-69FDF17CE2EC} = {C296606B-4756-4025-8566-A170D8148AE7}
		{BFFB6F13-9A01-43DC-B86E-AC7B489D056D} = {C296606B-4756-4025-8566-A170D8148AE7}
		{CEE0BD5E-D20D-4F1A-A043-D6AF23C7701F} = {C296606B-4756-4025-8566-A170D8148AE7}
		{33AA2A59-E119-4022-ADEA-C1E984BB3D83} = {C296606B-4756-4025-8566-A170D8148AE7}
		{265E6DAF-991D-4C2B-8DDE-BF09F9B21BD8} = {C296606B-4756-4025-8566-A170D8148AE7}
		{63989FDC-C9A3-47B5-A152-9112C6A57565} = {CF51C53E-65AC-482A-9C58-B0EBC199E6E7}
		{CB88F380-0DEF-432E-B7C6-C5271380DA19} = {63989FDC-C9A3-47B5-A152-9112C6A57565}
		{BB29032A-FA55-48A6-8083-EF0C38383A52} = {3FBD9712-D4D2-4FB8-A03B-B9E21EA7910A}
		{E09F6421-5972-4331-AF40-2ECD3A71C1D0} = {BB29032A-FA55-48A6-8083-EF0C38383A52}
		{C0F79CB7-1BFB-42DC-8AB3-B557F60E239A} = {BB29032A-FA55-48A6-8083-EF0C38383A52}
		{A4C98047-CD0C-41A0-B4DC-C2892FBEDB84} = {BB29032A-FA55-48A6-8083-EF0C38383A52}
		{7E0589F8-3242-414C-B807-BA99FAB6F640} = {BB29032A-FA55-48A6-8083-EF0C38383A52}
		{35265CDB-994A-45A9-B143-ED93D208CF70} = {BB29032A-FA55-48A6-8083-EF0C38383A52}
		{887250CC-6C9F-4C6A-8302-CB8E903BE150} = {BB29032A-FA55-48A6-8083-EF0C38383A52}
		{5D761369-0326-444B-B7DF-BACD512C6E1B} = {BB29032A-FA55-48A6-8083-EF0C38383A52}
		{2033019A-9047-4FEC-80A4-3D32B1973CB6} = {CF51C53E-65AC-482A-9C58-B0EBC199E6E7}
		{1F5C3966-B32F-4504-8D90-66830C9CEB42} = {2033019A-9047-4FEC-80A4-3D32B1973CB6}
		{6824537B-7895-48B3-9A5E-12752B5A0A37} = {C296606B-4756-4025-8566-A170D8148AE7}
		{0CDFAA00-14CB-43FB-AF04-83C896B0D459} = {3FBD9712-D4D2-4FB8-A03B-B9E21EA7910A}
		{1DB966EB-94CB-44B5-8483-30BE5C8F91F1} = {0CDFAA00-14CB-43FB-AF04-83C896B0D459}
		{EE491539-8F7F-43EC-8872-B9C06EBC9CB2} = {0CDFAA00-14CB-43FB-AF04-83C896B0D459}
		{BF8DF66E-78A2-4EBB-B618-7A6CAA0CC16A} = {0CDFAA00-14CB-43FB-AF04-83C896B0D459}
		{B9C3D1CA-21BD-48C6-88D5-067A9C523CDD} = {0CDFAA00-14CB-43FB-AF04-83C896B0D459}
		{0ADFD9DD-8B3A-4936-BC60-5A5B15D13B19} = {CF51C53E-65AC-482A-9C58-B0EBC199E6E7}
		{52B4D761-CCC2-4F79-8CE4-D504C6BA9FDA} = {0ADFD9DD-8B3A-4936-BC60-5A5B15D13B19}
		{B424D773-6D40-46A0-9D8F-18D59D4C9D00} = {0ADFD9DD-8B3A-4936-BC60-5A5B15D13B19}
		{4B9572BB-49C1-4550-A520-362ADFF0D84A} = {0ADFD9DD-8B3A-4936-BC60-5A5B15D13B19}
		{021EF48B-C8ED-439F-B539-45332B3B8AFB} = {0ADFD9DD-8B3A-4936-BC60-5A5B15D13B19}
		{59BC1367-98A5-46C3-858E-9EDEA351F025} = {3FBD9712-D4D2-4FB8-A03B-B9E21EA7910A}
		{FA324FC9-A453-42CD-926F-1F3F73EE74C0} = {59BC1367-98A5-46C3-858E-9EDEA351F025}
		{8268DFC7-B120-4D80-9FA9-9C62CB5227DC} = {59BC1367-98A5-46C3-858E-9EDEA351F025}
		{0640DFE9-6F1C-4A86-B831-F81DC310FF99} = {59BC1367-98A5-46C3-858E-9EDEA351F025}
		{84CE6C16-CC79-471B-92E7-52CD190E3BB1} = {3FBD9712-D4D2-4FB8-A03B-B9E21EA7910A}
		{F12BE785-0CEB-439D-AF78-5DFF1C3A7848} = {84CE6C16-CC79-471B-92E7-52CD190E3BB1}
		{53E65203-1793-410E-879A-C514214CBFB3} = {84CE6C16-CC79-471B-92E7-52CD190E3BB1}
		{E223749E-FD20-4602-B14E-87CB961C4227} = {84CE6C16-CC79-471B-92E7-52CD190E3BB1}
		{1240D91B-0EF4-45D6-B764-04FF49D23C66} = {84CE6C16-CC79-471B-92E7-52CD190E3BB1}
		{13D8A9BA-B145-4E1A-BD9F-B973E03849E6} = {3FBD9712-D4D2-4FB8-A03B-B9E21EA7910A}
		{216259C8-43A0-4B64-8312-D4F211B8F6DF} = {13D8A9BA-B145-4E1A-BD9F-B973E03849E6}
		{1B93B60F-0DDF-4753-997D-B29615D800F1} = {13D8A9BA-B145-4E1A-BD9F-B973E03849E6}
		{B4C7FCA4-F32C-47E8-ABBC-E149F9543E91} = {13D8A9BA-B145-4E1A-BD9F-B973E03849E6}
		{371B2047-863B-4FF6-B928-98E26284CD48} = {13D8A9BA-B145-4E1A-BD9F-B973E03849E6}
		{5BBEEA62-C077-41EA-9020-ECD0B92358D8} = {13D8A9BA-B145-4E1A-BD9F-B973E03849E6}
		{8C05EF03-E295-462C-9BCF-5E2D2698A6F3} = {13D8A9BA-B145-4E1A-BD9F-B973E03849E6}
		{C5ACBFB5-F4A1-4FDD-9660-5FC344A7FAFE} = {3FBD9712-D4D2-4FB8-A03B-B9E21EA7910A}
		{CACB070F-EEB5-4404-9968-D653AC4B9C32} = {C5ACBFB5-F4A1-4FDD-9660-5FC344A7FAFE}
		{7225C399-4DA3-456B-9271-04EF8617E16E} = {C5ACBFB5-F4A1-4FDD-9660-5FC344A7FAFE}
		{EA5CA601-DAFA-42AB-8F0B-C2275E6981D8} = {C5ACBFB5-F4A1-4FDD-9660-5FC344A7FAFE}
	EndGlobalSection
	GlobalSection(ExtensibilityGlobals) = postSolution
		SolutionGuid = {605F5C6D-ACE2-4166-B786-5D421DCA8FE2}
	EndGlobalSection
EndGlobal
